PODS:
  - EncryptedCoreData (3.1):
    - SQLCipher (~> 3.4.0)
  - HealthVault (3.0-preview):
    - HealthVault/CachingSupport (= 3.0-preview)
    - HealthVault/Core (= 3.0-preview)
  - HealthVault/CachingSupport (3.0-preview):
    - EncryptedCoreData (~> 3.1)
  - HealthVault/Core (3.0-preview)
  - HealthVault/Tests (3.0-preview):
    - EncryptedCoreData (~> 3.1)
  - Kiwi (2.4.0)
  - SQLCipher (3.4.1):
    - SQLCipher/standard (= 3.4.1)
  - SQLCipher/common (3.4.1)
  - SQLCipher/standard (3.4.1):
    - SQLCipher/common

DEPENDENCIES:
  - EncryptedCoreData
  - HealthVault (from `../`)
  - HealthVault/Tests (from `../`)
  - Kiwi
  - SQLCipher

EXTERNAL SOURCES:
  HealthVault:
    :path: "../"

SPEC CHECKSUMS:
  EncryptedCoreData: f6762fb05f88a52f36c5648659abc91b57f244b4
  HealthVault: 4727a75078f29cb9efa6a8322830d459d49080c6
  Kiwi: f49c9d54b28917df5928fe44968a39ed198cb8a8
  SQLCipher: 43d12c0eb9c57fb438749618fc3ce0065509a559

PODFILE CHECKSUM: e55f50350bd549111d982a15fd2f3f9d7808808a

COCOAPODS: 1.2.1
