PODS:
  - EncryptedCoreData (3.1):
    - SQLCipher (~> 3.4.0)
  - HealthVault/OfflineThingCache (3.0.2-preview):
    - EncryptedCoreData (~> 3.1)
  - Kiwi (2.4.0)
  - SQLCipher (3.4.1):
    - SQLCipher/standard (= 3.4.1)
  - SQLCipher/common (3.4.1)
  - SQLCipher/standard (3.4.1):
    - SQLCipher/common

DEPENDENCIES:
  - EncryptedCoreData
  - HealthVault/OfflineThingCache (from `../`)
  - Kiwi
  - SQLCipher

EXTERNAL SOURCES:
  HealthVault:
    :path: "../"

SPEC CHECKSUMS:
  EncryptedCoreData: f6762fb05f88a52f36c5648659abc91b57f244b4
  HealthVault: '09fb81f9f7c2a1f445e2b7adf3890b0c1f0720ad'
  Kiwi: f49c9d54b28917df5928fe44968a39ed198cb8a8
  SQLCipher: 43d12c0eb9c57fb438749618fc3ce0065509a559

PODFILE CHECKSUM: 2977f9de62d6715dfd7620fc7707514cb3a54d34

COCOAPODS: 1.2.1
