// !$*UTF8*$!
{
	archiveVersion = 1;
	classes = {
	};
	objectVersion = 46;
	objects = {

/* Begin PBXBuildFile section */
		5D119DF018F48B5D005117E0 /* Foundation.framework in Frameworks */ = {isa = PBXBuildFile; fileRef = 5D119DEF18F48B5D005117E0 /* Foundation.framework */; };
		5D119DF218F48B5D005117E0 /* CoreGraphics.framework in Frameworks */ = {isa = PBXBuildFile; fileRef = 5D119DF118F48B5D005117E0 /* CoreGraphics.framework */; };
		5D119DF418F48B5D005117E0 /* UIKit.framework in Frameworks */ = {isa = PBXBuildFile; fileRef = 5D119DF318F48B5D005117E0 /* UIKit.framework */; };
		5D119DFA18F48B5D005117E0 /* InfoPlist.strings in Resources */ = {isa = PBXBuildFile; fileRef = 5D119DF818F48B5D005117E0 /* InfoPlist.strings */; };
		5D119DFC18F48B5D005117E0 /* main.m in Sources */ = {isa = PBXBuildFile; fileRef = 5D119DFB18F48B5D005117E0 /* main.m */; };
		5D119E0018F48B5E005117E0 /* MHVAppDelegate.m in Sources */ = {isa = PBXBuildFile; fileRef = 5D119DFF18F48B5E005117E0 /* MHVAppDelegate.m */; };
		5D119E0318F48B5E005117E0 /* Main.storyboard in Resources */ = {isa = PBXBuildFile; fileRef = 5D119E0118F48B5E005117E0 /* Main.storyboard */; };
		5D119E0618F48B5E005117E0 /* MHVViewController.m in Sources */ = {isa = PBXBuildFile; fileRef = 5D119E0518F48B5E005117E0 /* MHVViewController.m */; };
		5D119E0818F48B5E005117E0 /* Images.xcassets in Resources */ = {isa = PBXBuildFile; fileRef = 5D119E0718F48B5E005117E0 /* Images.xcassets */; };
		5D119E2518F48BA1005117E0 /* Security.framework in Frameworks */ = {isa = PBXBuildFile; fileRef = 5D119E2418F48BA1005117E0 /* Security.framework */; };
		5D119E2718F48BA6005117E0 /* libMHVLib.a in Frameworks */ = {isa = PBXBuildFile; fileRef = 5D119E2618F48BA6005117E0 /* libMHVLib.a */; };
		5D119E2918F48BB3005117E0 /* libxml2.2.dylib in Frameworks */ = {isa = PBXBuildFile; fileRef = 5D119E2818F48BB3005117E0 /* libxml2.2.dylib */; };
		5D119E2B18F48BBA005117E0 /* SystemConfiguration.framework in Frameworks */ = {isa = PBXBuildFile; fileRef = 5D119E2A18F48BBA005117E0 /* SystemConfiguration.framework */; };
		5D119E2D18F48BC8005117E0 /* MobileCoreServices.framework in Frameworks */ = {isa = PBXBuildFile; fileRef = 5D119E2C18F48BC8005117E0 /* MobileCoreServices.framework */; };
		5D119E3318F4913A005117E0 /* ClientSettings.xml in Resources */ = {isa = PBXBuildFile; fileRef = 5D119E3218F4913A005117E0 /* ClientSettings.xml */; };
/* End PBXBuildFile section */

/* Begin PBXFileReference section */
		5D119DEC18F48B5D005117E0 /* TableViewWithSynchronizedType.app */ = {isa = PBXFileReference; explicitFileType = wrapper.application; includeInIndex = 0; path = TableViewWithSynchronizedType.app; sourceTree = BUILT_PRODUCTS_DIR; };
		5D119DEF18F48B5D005117E0 /* Foundation.framework */ = {isa = PBXFileReference; lastKnownFileType = wrapper.framework; name = Foundation.framework; path = System/Library/Frameworks/Foundation.framework; sourceTree = SDKROOT; };
		5D119DF118F48B5D005117E0 /* CoreGraphics.framework */ = {isa = PBXFileReference; lastKnownFileType = wrapper.framework; name = CoreGraphics.framework; path = System/Library/Frameworks/CoreGraphics.framework; sourceTree = SDKROOT; };
		5D119DF318F48B5D005117E0 /* UIKit.framework */ = {isa = PBXFileReference; lastKnownFileType = wrapper.framework; name = UIKit.framework; path = System/Library/Frameworks/UIKit.framework; sourceTree = SDKROOT; };
		5D119DF718F48B5D005117E0 /* TableViewWithSynchronizedType-Info.plist */ = {isa = PBXFileReference; lastKnownFileType = text.plist.xml; path = "TableViewWithSynchronizedType-Info.plist"; sourceTree = "<group>"; };
		5D119DF918F48B5D005117E0 /* en */ = {isa = PBXFileReference; lastKnownFileType = text.plist.strings; name = en; path = en.lproj/InfoPlist.strings; sourceTree = "<group>"; };
		5D119DFB18F48B5D005117E0 /* main.m */ = {isa = PBXFileReference; lastKnownFileType = sourcecode.c.objc; path = main.m; sourceTree = "<group>"; };
		5D119DFD18F48B5D005117E0 /* TableViewWithSynchronizedType-Prefix.pch */ = {isa = PBXFileReference; lastKnownFileType = sourcecode.c.h; path = "TableViewWithSynchronizedType-Prefix.pch"; sourceTree = "<group>"; };
		5D119DFE18F48B5D005117E0 /* MHVAppDelegate.h */ = {isa = PBXFileReference; lastKnownFileType = sourcecode.c.h; path = MHVAppDelegate.h; sourceTree = "<group>"; };
		5D119DFF18F48B5E005117E0 /* MHVAppDelegate.m */ = {isa = PBXFileReference; lastKnownFileType = sourcecode.c.objc; path = MHVAppDelegate.m; sourceTree = "<group>"; };
		5D119E0218F48B5E005117E0 /* Base */ = {isa = PBXFileReference; lastKnownFileType = file.storyboard; name = Base; path = Base.lproj/Main.storyboard; sourceTree = "<group>"; };
		5D119E0418F48B5E005117E0 /* MHVViewController.h */ = {isa = PBXFileReference; lastKnownFileType = sourcecode.c.h; path = MHVViewController.h; sourceTree = "<group>"; };
		5D119E0518F48B5E005117E0 /* MHVViewController.m */ = {isa = PBXFileReference; lastKnownFileType = sourcecode.c.objc; path = MHVViewController.m; sourceTree = "<group>"; };
		5D119E0718F48B5E005117E0 /* Images.xcassets */ = {isa = PBXFileReference; lastKnownFileType = folder.assetcatalog; path = Images.xcassets; sourceTree = "<group>"; };
		5D119E0E18F48B5E005117E0 /* XCTest.framework */ = {isa = PBXFileReference; lastKnownFileType = wrapper.framework; name = XCTest.framework; path = Library/Frameworks/XCTest.framework; sourceTree = DEVELOPER_DIR; };
		5D119E2418F48BA1005117E0 /* Security.framework */ = {isa = PBXFileReference; lastKnownFileType = wrapper.framework; name = Security.framework; path = System/Library/Frameworks/Security.framework; sourceTree = SDKROOT; };
		5D119E2618F48BA6005117E0 /* libMHVLib.a */ = {isa = PBXFileReference; lastKnownFileType = archive.ar; name = libMHVLib.a; path = "../../build/Debug-iphoneos/libMHVLib.a"; sourceTree = "<group>"; };
		5D119E2818F48BB3005117E0 /* libxml2.2.dylib */ = {isa = PBXFileReference; lastKnownFileType = "compiled.mach-o.dylib"; name = libxml2.2.dylib; path = usr/lib/libxml2.2.dylib; sourceTree = SDKROOT; };
		5D119E2A18F48BBA005117E0 /* SystemConfiguration.framework */ = {isa = PBXFileReference; lastKnownFileType = wrapper.framework; name = SystemConfiguration.framework; path = System/Library/Frameworks/SystemConfiguration.framework; sourceTree = SDKROOT; };
		5D119E2C18F48BC8005117E0 /* MobileCoreServices.framework */ = {isa = PBXFileReference; lastKnownFileType = wrapper.framework; name = MobileCoreServices.framework; path = System/Library/Frameworks/MobileCoreServices.framework; sourceTree = SDKROOT; };
		5D119E3218F4913A005117E0 /* ClientSettings.xml */ = {isa = PBXFileReference; fileEncoding = 4; lastKnownFileType = text.xml; path = ClientSettings.xml; sourceTree = "<group>"; };
/* End PBXFileReference section */

/* Begin PBXFrameworksBuildPhase section */
		5D119DE918F48B5D005117E0 /* Frameworks */ = {
			isa = PBXFrameworksBuildPhase;
			buildActionMask = 2147483647;
			files = (
				5D119E2D18F48BC8005117E0 /* MobileCoreServices.framework in Frameworks */,
				5D119E2B18F48BBA005117E0 /* SystemConfiguration.framework in Frameworks */,
				5D119E2918F48BB3005117E0 /* libxml2.2.dylib in Frameworks */,
				5D119E2718F48BA6005117E0 /* libMHVLib.a in Frameworks */,
				5D119E2518F48BA1005117E0 /* Security.framework in Frameworks */,
				5D119DF218F48B5D005117E0 /* CoreGraphics.framework in Frameworks */,
				5D119DF418F48B5D005117E0 /* UIKit.framework in Frameworks */,
				5D119DF018F48B5D005117E0 /* Foundation.framework in Frameworks */,
			);
			runOnlyForDeploymentPostprocessing = 0;
		};
/* End PBXFrameworksBuildPhase section */

/* Begin PBXGroup section */
		5D119DE318F48B5D005117E0 = {
			isa = PBXGroup;
			children = (
				5D119DF518F48B5D005117E0 /* TableViewWithSynchronizedType */,
				5D119DEE18F48B5D005117E0 /* Frameworks */,
				5D119DED18F48B5D005117E0 /* Products */,
			);
			sourceTree = "<group>";
		};
		5D119DED18F48B5D005117E0 /* Products */ = {
			isa = PBXGroup;
			children = (
				5D119DEC18F48B5D005117E0 /* TableViewWithSynchronizedType.app */,
			);
			name = Products;
			sourceTree = "<group>";
		};
		5D119DEE18F48B5D005117E0 /* Frameworks */ = {
			isa = PBXGroup;
			children = (
				5D119E2C18F48BC8005117E0 /* MobileCoreServices.framework */,
				5D119E2A18F48BBA005117E0 /* SystemConfiguration.framework */,
				5D119E2818F48BB3005117E0 /* libxml2.2.dylib */,
				5D119E2618F48BA6005117E0 /* libMHVLib.a */,
				5D119E2418F48BA1005117E0 /* Security.framework */,
				5D119DEF18F48B5D005117E0 /* Foundation.framework */,
				5D119DF118F48B5D005117E0 /* CoreGraphics.framework */,
				5D119DF318F48B5D005117E0 /* UIKit.framework */,
				5D119E0E18F48B5E005117E0 /* XCTest.framework */,
			);
			name = Frameworks;
			sourceTree = "<group>";
		};
		5D119DF518F48B5D005117E0 /* TableViewWithSynchronizedType */ = {
			isa = PBXGroup;
			children = (
				5D119E3218F4913A005117E0 /* ClientSettings.xml */,
				5D119DFE18F48B5D005117E0 /* MHVAppDelegate.h */,
				5D119DFF18F48B5E005117E0 /* MHVAppDelegate.m */,
				5D119E0118F48B5E005117E0 /* Main.storyboard */,
				5D119E0418F48B5E005117E0 /* MHVViewController.h */,
				5D119E0518F48B5E005117E0 /* MHVViewController.m */,
				5D119E0718F48B5E005117E0 /* Images.xcassets */,
				5D119DF618F48B5D005117E0 /* Supporting Files */,
			);
			path = TableViewWithSynchronizedType;
			sourceTree = "<group>";
		};
		5D119DF618F48B5D005117E0 /* Supporting Files */ = {
			isa = PBXGroup;
			children = (
				5D119DF718F48B5D005117E0 /* TableViewWithSynchronizedType-Info.plist */,
				5D119DF818F48B5D005117E0 /* InfoPlist.strings */,
				5D119DFB18F48B5D005117E0 /* main.m */,
				5D119DFD18F48B5D005117E0 /* TableViewWithSynchronizedType-Prefix.pch */,
			);
			name = "Supporting Files";
			sourceTree = "<group>";
		};
/* End PBXGroup section */

/* Begin PBXNativeTarget section */
		5D119DEB18F48B5D005117E0 /* TableViewWithSynchronizedType */ = {
			isa = PBXNativeTarget;
			buildConfigurationList = 5D119E1E18F48B5E005117E0 /* Build configuration list for PBXNativeTarget "TableViewWithSynchronizedType" */;
			buildPhases = (
				5D119DE818F48B5D005117E0 /* Sources */,
				5D119DE918F48B5D005117E0 /* Frameworks */,
				5D119DEA18F48B5D005117E0 /* Resources */,
			);
			buildRules = (
			);
			dependencies = (
			);
			name = TableViewWithSynchronizedType;
			productName = TableViewWithSynchronizedType;
			productReference = 5D119DEC18F48B5D005117E0 /* TableViewWithSynchronizedType.app */;
			productType = "com.apple.product-type.application";
		};
/* End PBXNativeTarget section */

/* Begin PBXProject section */
		5D119DE418F48B5D005117E0 /* Project object */ = {
			isa = PBXProject;
			attributes = {
				CLASSPREFIX = HV;
				LastUpgradeCheck = 0720;
				ORGANIZATIONNAME = "Microsoft Corp";
			};
			buildConfigurationList = 5D119DE718F48B5D005117E0 /* Build configuration list for PBXProject "TableViewWithSynchronizedType" */;
			compatibilityVersion = "Xcode 3.2";
			developmentRegion = English;
			hasScannedForEncodings = 0;
			knownRegions = (
				en,
				Base,
			);
			mainGroup = 5D119DE318F48B5D005117E0;
			productRefGroup = 5D119DED18F48B5D005117E0 /* Products */;
			projectDirPath = "";
			projectRoot = "";
			targets = (
				5D119DEB18F48B5D005117E0 /* TableViewWithSynchronizedType */,
			);
		};
/* End PBXProject section */

/* Begin PBXResourcesBuildPhase section */
		5D119DEA18F48B5D005117E0 /* Resources */ = {
			isa = PBXResourcesBuildPhase;
			buildActionMask = 2147483647;
			files = (
				5D119E0818F48B5E005117E0 /* Images.xcassets in Resources */,
				5D119E3318F4913A005117E0 /* ClientSettings.xml in Resources */,
				5D119DFA18F48B5D005117E0 /* InfoPlist.strings in Resources */,
				5D119E0318F48B5E005117E0 /* Main.storyboard in Resources */,
			);
			runOnlyForDeploymentPostprocessing = 0;
		};
/* End PBXResourcesBuildPhase section */

/* Begin PBXSourcesBuildPhase section */
		5D119DE818F48B5D005117E0 /* Sources */ = {
			isa = PBXSourcesBuildPhase;
			buildActionMask = 2147483647;
			files = (
				5D119E0618F48B5E005117E0 /* MHVViewController.m in Sources */,
				5D119E0018F48B5E005117E0 /* MHVAppDelegate.m in Sources */,
				5D119DFC18F48B5D005117E0 /* main.m in Sources */,
			);
			runOnlyForDeploymentPostprocessing = 0;
		};
/* End PBXSourcesBuildPhase section */

/* Begin PBXVariantGroup section */
		5D119DF818F48B5D005117E0 /* InfoPlist.strings */ = {
			isa = PBXVariantGroup;
			children = (
				5D119DF918F48B5D005117E0 /* en */,
			);
			name = InfoPlist.strings;
			sourceTree = "<group>";
		};
		5D119E0118F48B5E005117E0 /* Main.storyboard */ = {
			isa = PBXVariantGroup;
			children = (
				5D119E0218F48B5E005117E0 /* Base */,
			);
			name = Main.storyboard;
			sourceTree = "<group>";
		};
/* End PBXVariantGroup section */

/* Begin XCBuildConfiguration section */
		5D119E1C18F48B5E005117E0 /* Debug */ = {
			isa = XCBuildConfiguration;
			buildSettings = {
				ALWAYS_SEARCH_USER_PATHS = NO;
				CLANG_CXX_LANGUAGE_STANDARD = "gnu++0x";
				CLANG_CXX_LIBRARY = "libc++";
				CLANG_ENABLE_MODULES = YES;
				CLANG_ENABLE_OBJC_ARC = YES;
				CLANG_WARN_BOOL_CONVERSION = YES;
				CLANG_WARN_CONSTANT_CONVERSION = YES;
				CLANG_WARN_DIRECT_OBJC_ISA_USAGE = YES_ERROR;
				CLANG_WARN_EMPTY_BODY = YES;
				CLANG_WARN_ENUM_CONVERSION = YES;
				CLANG_WARN_INT_CONVERSION = YES;
				CLANG_WARN_OBJC_ROOT_CLASS = YES_ERROR;
				CLANG_WARN__DUPLICATE_METHOD_MATCH = YES;
				"CODE_SIGN_IDENTITY[sdk=iphoneos*]" = "iPhone Developer";
				COPY_PHASE_STRIP = NO;
				ENABLE_TESTABILITY = YES;
				GCC_C_LANGUAGE_STANDARD = gnu99;
				GCC_DYNAMIC_NO_PIC = NO;
				GCC_OPTIMIZATION_LEVEL = 0;
				GCC_PREPROCESSOR_DEFINITIONS = (
					"DEBUG=1",
					"$(inherited)",
				);
				GCC_SYMBOLS_PRIVATE_EXTERN = NO;
				GCC_WARN_64_TO_32_BIT_CONVERSION = YES;
				GCC_WARN_ABOUT_RETURN_TYPE = YES_ERROR;
				GCC_WARN_UNDECLARED_SELECTOR = YES;
				GCC_WARN_UNINITIALIZED_AUTOS = YES_AGGRESSIVE;
				GCC_WARN_UNUSED_FUNCTION = YES;
				GCC_WARN_UNUSED_VARIABLE = YES;
				IPHONEOS_DEPLOYMENT_TARGET = 7.1;
				ONLY_ACTIVE_ARCH = YES;
				SDKROOT = iphoneos;
			};
			name = Debug;
		};
		5D119E1D18F48B5E005117E0 /* Release */ = {
			isa = XCBuildConfiguration;
			buildSettings = {
				ALWAYS_SEARCH_USER_PATHS = NO;
				CLANG_CXX_LANGUAGE_STANDARD = "gnu++0x";
				CLANG_CXX_LIBRARY = "libc++";
				CLANG_ENABLE_MODULES = YES;
				CLANG_ENABLE_OBJC_ARC = YES;
				CLANG_WARN_BOOL_CONVERSION = YES;
				CLANG_WARN_CONSTANT_CONVERSION = YES;
				CLANG_WARN_DIRECT_OBJC_ISA_USAGE = YES_ERROR;
				CLANG_WARN_EMPTY_BODY = YES;
				CLANG_WARN_ENUM_CONVERSION = YES;
				CLANG_WARN_INT_CONVERSION = YES;
				CLANG_WARN_OBJC_ROOT_CLASS = YES_ERROR;
				CLANG_WARN__DUPLICATE_METHOD_MATCH = YES;
				"CODE_SIGN_IDENTITY[sdk=iphoneos*]" = "iPhone Developer";
				COPY_PHASE_STRIP = YES;
				ENABLE_NS_ASSERTIONS = NO;
				GCC_C_LANGUAGE_STANDARD = gnu99;
				GCC_WARN_64_TO_32_BIT_CONVERSION = YES;
				GCC_WARN_ABOUT_RETURN_TYPE = YES_ERROR;
				GCC_WARN_UNDECLARED_SELECTOR = YES;
				GCC_WARN_UNINITIALIZED_AUTOS = YES_AGGRESSIVE;
				GCC_WARN_UNUSED_FUNCTION = YES;
				GCC_WARN_UNUSED_VARIABLE = YES;
				IPHONEOS_DEPLOYMENT_TARGET = 7.1;
				SDKROOT = iphoneos;
				VALIDATE_PRODUCT = YES;
			};
			name = Release;
		};
		5D119E1F18F48B5E005117E0 /* Debug */ = {
			isa = XCBuildConfiguration;
			buildSettings = {
				ASSETCATALOG_COMPILER_APPICON_NAME = AppIcon;
				ASSETCATALOG_COMPILER_LAUNCHIMAGE_NAME = LaunchImage;
				GCC_PRECOMPILE_PREFIX_HEADER = YES;
				GCC_PREFIX_HEADER = "TableViewWithSynchronizedType/TableViewWithSynchronizedType-Prefix.pch";
				HEADER_SEARCH_PATHS = (
					"$(inherited)",
					/Applications/Xcode.app/Contents/Developer/Toolchains/XcodeDefault.xctoolchain/usr/include,
					"$(SDK_DIR)/usr/include/libxml2/**",
				);
				INFOPLIST_FILE = "TableViewWithSynchronizedType/TableViewWithSynchronizedType-Info.plist";
				LIBRARY_SEARCH_PATHS = "$(inherited)";
				OTHER_LDFLAGS = "-ObjC";
				PRODUCT_BUNDLE_IDENTIFIER = "com.microsoft.healthvault.sdk.${PRODUCT_NAME:rfc1034identifier}";
				PRODUCT_NAME = "$(TARGET_NAME)";
				USER_HEADER_SEARCH_PATHS = "../../MHVLib/**";
				WRAPPER_EXTENSION = app;
			};
			name = Debug;
		};
		5D119E2018F48B5E005117E0 /* Release */ = {
			isa = XCBuildConfiguration;
			buildSettings = {
				ASSETCATALOG_COMPILER_APPICON_NAME = AppIcon;
				ASSETCATALOG_COMPILER_LAUNCHIMAGE_NAME = LaunchImage;
				GCC_PRECOMPILE_PREFIX_HEADER = YES;
				GCC_PREFIX_HEADER = "TableViewWithSynchronizedType/TableViewWithSynchronizedType-Prefix.pch";
				HEADER_SEARCH_PATHS = (
					"$(inherited)",
					/Applications/Xcode.app/Contents/Developer/Toolchains/XcodeDefault.xctoolchain/usr/include,
					"$(SDK_DIR)/usr/include/libxml2/**",
				);
				INFOPLIST_FILE = "TableViewWithSynchronizedType/TableViewWithSynchronizedType-Info.plist";
				LIBRARY_SEARCH_PATHS = "$(inherited)";
				OTHER_LDFLAGS = "-ObjC";
				PRODUCT_BUNDLE_IDENTIFIER = "com.microsoft.healthvault.sdk.${PRODUCT_NAME:rfc1034identifier}";
				PRODUCT_NAME = "$(TARGET_NAME)";
				USER_HEADER_SEARCH_PATHS = "../../MHVLib/**";
				WRAPPER_EXTENSION = app;
			};
			name = Release;
		};
/* End XCBuildConfiguration section */

/* Begin XCConfigurationList section */
		5D119DE718F48B5D005117E0 /* Build configuration list for PBXProject "TableViewWithSynchronizedType" */ = {
			isa = XCConfigurationList;
			buildConfigurations = (
				5D119E1C18F48B5E005117E0 /* Debug */,
				5D119E1D18F48B5E005117E0 /* Release */,
			);
			defaultConfigurationIsVisible = 0;
			defaultConfigurationName = Release;
		};
		5D119E1E18F48B5E005117E0 /* Build configuration list for PBXNativeTarget "TableViewWithSynchronizedType" */ = {
			isa = XCConfigurationList;
			buildConfigurations = (
				5D119E1F18F48B5E005117E0 /* Debug */,
				5D119E2018F48B5E005117E0 /* Release */,
			);
			defaultConfigurationIsVisible = 0;
			defaultConfigurationName = Release;
		};
/* End XCConfigurationList section */
	};
	rootObject = 5D119DE418F48B5D005117E0 /* Project object */;
}
