// !$*UTF8*$!
{
	archiveVersion = 1;
	classes = {
	};
	objectVersion = 46;
	objects = {

/* Begin PBXBuildFile section */
		5D4742AC153CB54E00BF91EF /* HVMasterViewController.xib in Resources */ = {isa = PBXBuildFile; fileRef = 5D4742AB153CB54E00BF91EF /* HVMasterViewController.xib */; };
		5DB083DB18F3231800702B79 /* SystemConfiguration.framework in Frameworks */ = {isa = PBXBuildFile; fileRef = 5DB083DA18F3231800702B79 /* SystemConfiguration.framework */; };
		5DB2E6E218D3811D0030972D /* MobileCoreServices.framework in Frameworks */ = {isa = PBXBuildFile; fileRef = 5DB2E6E118D3811D0030972D /* MobileCoreServices.framework */; };
		5DB54DD0153C765700E1C6BE /* UIKit.framework in Frameworks */ = {isa = PBXBuildFile; fileRef = 5DB54DCF153C765700E1C6BE /* UIKit.framework */; };
		5DB54DD2153C765700E1C6BE /* Foundation.framework in Frameworks */ = {isa = PBXBuildFile; fileRef = 5DB54DD1153C765700E1C6BE /* Foundation.framework */; };
		5DB54DD4153C765700E1C6BE /* CoreGraphics.framework in Frameworks */ = {isa = PBXBuildFile; fileRef = 5DB54DD3153C765700E1C6BE /* CoreGraphics.framework */; };
		5DB54DDC153C765700E1C6BE /* main.m in Sources */ = {isa = PBXBuildFile; fileRef = 5DB54DDB153C765700E1C6BE /* main.m */; };
		5DB54DE0153C765700E1C6BE /* HVAppDelegate.m in Sources */ = {isa = PBXBuildFile; fileRef = 5DB54DDF153C765700E1C6BE /* HVAppDelegate.m */; };
		5DB54DE3153C765700E1C6BE /* HVMasterViewController.m in Sources */ = {isa = PBXBuildFile; fileRef = 5DB54DE2153C765700E1C6BE /* HVMasterViewController.m */; };
		5DB54E1A153C85A500E1C6BE /* ClientSettings.xml in Resources */ = {isa = PBXBuildFile; fileRef = 5DB54E19153C85A500E1C6BE /* ClientSettings.xml */; };
		5DFD4832159B72E30003EA49 /* Security.framework in Frameworks */ = {isa = PBXBuildFile; fileRef = 5DFD4831159B72E30003EA49 /* Security.framework */; };
		A4F066E11C5C1F1C00233916 /* Default-568h@2x.png in Resources */ = {isa = PBXBuildFile; fileRef = A4F066E01C5C1F1C00233916 /* Default-568h@2x.png */; };
		A4F066F11C5C247B00233916 /* libHVLib.a in Frameworks */ = {isa = PBXBuildFile; fileRef = A4F066EF1C5C238300233916 /* libHVLib.a */; };
		A4F066F31C5C25B900233916 /* libxml2.2.tbd in Frameworks */ = {isa = PBXBuildFile; fileRef = A4F066F21C5C25B900233916 /* libxml2.2.tbd */; };
/* End PBXBuildFile section */

/* Begin PBXFileReference section */
		5D4742AB153CB54E00BF91EF /* HVMasterViewController.xib */ = {isa = PBXFileReference; fileEncoding = 4; lastKnownFileType = file.xib; path = HVMasterViewController.xib; sourceTree = "<group>"; };
		5DB083DA18F3231800702B79 /* SystemConfiguration.framework */ = {isa = PBXFileReference; lastKnownFileType = wrapper.framework; name = SystemConfiguration.framework; path = System/Library/Frameworks/SystemConfiguration.framework; sourceTree = SDKROOT; };
		5DB2E6E118D3811D0030972D /* MobileCoreServices.framework */ = {isa = PBXFileReference; lastKnownFileType = wrapper.framework; name = MobileCoreServices.framework; path = System/Library/Frameworks/MobileCoreServices.framework; sourceTree = SDKROOT; };
		5DB54DCB153C765700E1C6BE /* HelloHealthVault.app */ = {isa = PBXFileReference; explicitFileType = wrapper.application; includeInIndex = 0; path = HelloHealthVault.app; sourceTree = BUILT_PRODUCTS_DIR; };
		5DB54DCF153C765700E1C6BE /* UIKit.framework */ = {isa = PBXFileReference; lastKnownFileType = wrapper.framework; name = UIKit.framework; path = System/Library/Frameworks/UIKit.framework; sourceTree = SDKROOT; };
		5DB54DD1153C765700E1C6BE /* Foundation.framework */ = {isa = PBXFileReference; lastKnownFileType = wrapper.framework; name = Foundation.framework; path = System/Library/Frameworks/Foundation.framework; sourceTree = SDKROOT; };
		5DB54DD3153C765700E1C6BE /* CoreGraphics.framework */ = {isa = PBXFileReference; lastKnownFileType = wrapper.framework; name = CoreGraphics.framework; path = System/Library/Frameworks/CoreGraphics.framework; sourceTree = SDKROOT; };
		5DB54DD7153C765700E1C6BE /* HelloHealthVault-Info.plist */ = {isa = PBXFileReference; lastKnownFileType = text.plist.xml; path = "HelloHealthVault-Info.plist"; sourceTree = "<group>"; };
		5DB54DDB153C765700E1C6BE /* main.m */ = {isa = PBXFileReference; lastKnownFileType = sourcecode.c.objc; path = main.m; sourceTree = "<group>"; };
		5DB54DDD153C765700E1C6BE /* HelloHealthVault-Prefix.pch */ = {isa = PBXFileReference; lastKnownFileType = sourcecode.c.h; path = "HelloHealthVault-Prefix.pch"; sourceTree = "<group>"; };
		5DB54DDE153C765700E1C6BE /* HVAppDelegate.h */ = {isa = PBXFileReference; lastKnownFileType = sourcecode.c.h; path = HVAppDelegate.h; sourceTree = "<group>"; };
		5DB54DDF153C765700E1C6BE /* HVAppDelegate.m */ = {isa = PBXFileReference; lastKnownFileType = sourcecode.c.objc; path = HVAppDelegate.m; sourceTree = "<group>"; };
		5DB54DE1153C765700E1C6BE /* HVMasterViewController.h */ = {isa = PBXFileReference; lastKnownFileType = sourcecode.c.h; path = HVMasterViewController.h; sourceTree = "<group>"; };
		5DB54DE2153C765700E1C6BE /* HVMasterViewController.m */ = {isa = PBXFileReference; lastKnownFileType = sourcecode.c.objc; path = HVMasterViewController.m; sourceTree = "<group>"; };
		5DB54E19153C85A500E1C6BE /* ClientSettings.xml */ = {isa = PBXFileReference; fileEncoding = 4; lastKnownFileType = text.xml; path = ClientSettings.xml; sourceTree = "<group>"; };
		5DFD4831159B72E30003EA49 /* Security.framework */ = {isa = PBXFileReference; lastKnownFileType = wrapper.framework; name = Security.framework; path = System/Library/Frameworks/Security.framework; sourceTree = SDKROOT; };
		A4F066E01C5C1F1C00233916 /* Default-568h@2x.png */ = {isa = PBXFileReference; lastKnownFileType = image.png; path = "Default-568h@2x.png"; sourceTree = "<group>"; };
		A4F066EF1C5C238300233916 /* libHVLib.a */ = {isa = PBXFileReference; lastKnownFileType = archive.ar; name = libHVLib.a; path = "../../../../../../../Library/Developer/Xcode/DerivedData/HelloHealthVault-cuulyccdusnebaelgxbjhphhtruy/Build/Products/Debug-iphonesimulator/libHVLib.a"; sourceTree = "<group>"; };
		A4F066F21C5C25B900233916 /* libxml2.2.tbd */ = {isa = PBXFileReference; lastKnownFileType = "sourcecode.text-based-dylib-definition"; name = libxml2.2.tbd; path = usr/lib/libxml2.2.tbd; sourceTree = SDKROOT; };
/* End PBXFileReference section */

/* Begin PBXFrameworksBuildPhase section */
		5DB54DC8153C765700E1C6BE /* Frameworks */ = {
			isa = PBXFrameworksBuildPhase;
			buildActionMask = 2147483647;
			files = (
				A4F066F31C5C25B900233916 /* libxml2.2.tbd in Frameworks */,
				A4F066F11C5C247B00233916 /* libHVLib.a in Frameworks */,
				5DB083DB18F3231800702B79 /* SystemConfiguration.framework in Frameworks */,
				5DB2E6E218D3811D0030972D /* MobileCoreServices.framework in Frameworks */,
				5DFD4832159B72E30003EA49 /* Security.framework in Frameworks */,
				5DB54DD0153C765700E1C6BE /* UIKit.framework in Frameworks */,
				5DB54DD2153C765700E1C6BE /* Foundation.framework in Frameworks */,
				5DB54DD4153C765700E1C6BE /* CoreGraphics.framework in Frameworks */,
			);
			runOnlyForDeploymentPostprocessing = 0;
		};
/* End PBXFrameworksBuildPhase section */

/* Begin PBXGroup section */
		5DB54DC0153C765700E1C6BE = {
			isa = PBXGroup;
			children = (
				A4F066E01C5C1F1C00233916 /* Default-568h@2x.png */,
				5DB54DD5153C765700E1C6BE /* HelloHealthVault */,
				5DB54DCE153C765700E1C6BE /* Frameworks */,
				5DB54DCC153C765700E1C6BE /* Products */,
			);
			sourceTree = "<group>";
		};
		5DB54DCC153C765700E1C6BE /* Products */ = {
			isa = PBXGroup;
			children = (
				5DB54DCB153C765700E1C6BE /* HelloHealthVault.app */,
			);
			name = Products;
			sourceTree = "<group>";
		};
		5DB54DCE153C765700E1C6BE /* Frameworks */ = {
			isa = PBXGroup;
			children = (
				A4F066F21C5C25B900233916 /* libxml2.2.tbd */,
				A4F066EF1C5C238300233916 /* libHVLib.a */,
				5DFD4831159B72E30003EA49 /* Security.framework */,
				5DB083DA18F3231800702B79 /* SystemConfiguration.framework */,
				5DB2E6E118D3811D0030972D /* MobileCoreServices.framework */,
				5DB54DCF153C765700E1C6BE /* UIKit.framework */,
				5DB54DD1153C765700E1C6BE /* Foundation.framework */,
				5DB54DD3153C765700E1C6BE /* CoreGraphics.framework */,
			);
			name = Frameworks;
			sourceTree = "<group>";
		};
		5DB54DD5153C765700E1C6BE /* HelloHealthVault */ = {
			isa = PBXGroup;
			children = (
				5DB54DDE153C765700E1C6BE /* HVAppDelegate.h */,
				5DB54DDF153C765700E1C6BE /* HVAppDelegate.m */,
				5DB54DE1153C765700E1C6BE /* HVMasterViewController.h */,
				5DB54DE2153C765700E1C6BE /* HVMasterViewController.m */,
				5D4742AB153CB54E00BF91EF /* HVMasterViewController.xib */,
				5DB54E19153C85A500E1C6BE /* ClientSettings.xml */,
				5DB54DD6153C765700E1C6BE /* Supporting Files */,
			);
			path = HelloHealthVault;
			sourceTree = "<group>";
		};
		5DB54DD6153C765700E1C6BE /* Supporting Files */ = {
			isa = PBXGroup;
			children = (
				5DB54DD7153C765700E1C6BE /* HelloHealthVault-Info.plist */,
				5DB54DDB153C765700E1C6BE /* main.m */,
				5DB54DDD153C765700E1C6BE /* HelloHealthVault-Prefix.pch */,
			);
			name = "Supporting Files";
			sourceTree = "<group>";
		};
/* End PBXGroup section */

/* Begin PBXNativeTarget section */
		5DB54DCA153C765700E1C6BE /* HelloHealthVault */ = {
			isa = PBXNativeTarget;
			buildConfigurationList = 5DB54DEF153C765700E1C6BE /* Build configuration list for PBXNativeTarget "HelloHealthVault" */;
			buildPhases = (
				5DB54DC7153C765700E1C6BE /* Sources */,
				5DB54DC8153C765700E1C6BE /* Frameworks */,
				5DB54DC9153C765700E1C6BE /* Resources */,
			);
			buildRules = (
			);
			dependencies = (
			);
			name = HelloHealthVault;
			productName = HelloHealthVault;
			productReference = 5DB54DCB153C765700E1C6BE /* HelloHealthVault.app */;
			productType = "com.apple.product-type.application";
		};
/* End PBXNativeTarget section */

/* Begin PBXProject section */
		5DB54DC2153C765700E1C6BE /* Project object */ = {
			isa = PBXProject;
			attributes = {
				CLASSPREFIX = HV;
				LastUpgradeCheck = 0720;
				ORGANIZATIONNAME = "Microsoft Corporation";
			};
			buildConfigurationList = 5DB54DC5153C765700E1C6BE /* Build configuration list for PBXProject "HelloHealthVault" */;
			compatibilityVersion = "Xcode 3.2";
			developmentRegion = English;
			hasScannedForEncodings = 0;
			knownRegions = (
				en,
			);
			mainGroup = 5DB54DC0153C765700E1C6BE;
			productRefGroup = 5DB54DCC153C765700E1C6BE /* Products */;
			projectDirPath = "";
			projectRoot = "";
			targets = (
				5DB54DCA153C765700E1C6BE /* HelloHealthVault */,
			);
		};
/* End PBXProject section */

/* Begin PBXResourcesBuildPhase section */
		5DB54DC9153C765700E1C6BE /* Resources */ = {
			isa = PBXResourcesBuildPhase;
			buildActionMask = 2147483647;
			files = (
				5DB54E1A153C85A500E1C6BE /* ClientSettings.xml in Resources */,
				5D4742AC153CB54E00BF91EF /* HVMasterViewController.xib in Resources */,
				A4F066E11C5C1F1C00233916 /* Default-568h@2x.png in Resources */,
			);
			runOnlyForDeploymentPostprocessing = 0;
		};
/* End PBXResourcesBuildPhase section */

/* Begin PBXSourcesBuildPhase section */
		5DB54DC7153C765700E1C6BE /* Sources */ = {
			isa = PBXSourcesBuildPhase;
			buildActionMask = 2147483647;
			files = (
				5DB54DDC153C765700E1C6BE /* main.m in Sources */,
				5DB54DE0153C765700E1C6BE /* HVAppDelegate.m in Sources */,
				5DB54DE3153C765700E1C6BE /* HVMasterViewController.m in Sources */,
			);
			runOnlyForDeploymentPostprocessing = 0;
		};
/* End PBXSourcesBuildPhase section */

/* Begin XCBuildConfiguration section */
		5DB54DED153C765700E1C6BE /* Debug */ = {
			isa = XCBuildConfiguration;
			buildSettings = {
				ALWAYS_SEARCH_USER_PATHS = NO;
				CLANG_WARN_BOOL_CONVERSION = YES;
				CLANG_WARN_CONSTANT_CONVERSION = YES;
				CLANG_WARN_EMPTY_BODY = YES;
				CLANG_WARN_ENUM_CONVERSION = YES;
				CLANG_WARN_INT_CONVERSION = YES;
				CLANG_WARN_UNREACHABLE_CODE = YES;
				CLANG_WARN__DUPLICATE_METHOD_MATCH = YES;
				"CODE_SIGN_IDENTITY[sdk=iphoneos*]" = "iPhone Developer";
				COPY_PHASE_STRIP = NO;
				ENABLE_STRICT_OBJC_MSGSEND = YES;
				ENABLE_TESTABILITY = YES;
				GCC_C_LANGUAGE_STANDARD = gnu99;
				GCC_DYNAMIC_NO_PIC = NO;
				GCC_NO_COMMON_BLOCKS = NO;
				GCC_OPTIMIZATION_LEVEL = 0;
				GCC_PREPROCESSOR_DEFINITIONS = (
					"DEBUG=1",
					"$(inherited)",
				);
				GCC_SYMBOLS_PRIVATE_EXTERN = NO;
				GCC_VERSION = com.apple.compilers.llvm.clang.1_0;
				GCC_WARN_64_TO_32_BIT_CONVERSION = YES;
				GCC_WARN_ABOUT_RETURN_TYPE = YES;
				GCC_WARN_UNDECLARED_SELECTOR = YES;
				GCC_WARN_UNINITIALIZED_AUTOS = YES;
				GCC_WARN_UNUSED_FUNCTION = YES;
				GCC_WARN_UNUSED_VARIABLE = YES;
				IPHONEOS_DEPLOYMENT_TARGET = 5.0;
				ONLY_ACTIVE_ARCH = YES;
				SDKROOT = iphoneos;
			};
			name = Debug;
		};
		5DB54DEE153C765700E1C6BE /* Release */ = {
			isa = XCBuildConfiguration;
			buildSettings = {
				ALWAYS_SEARCH_USER_PATHS = NO;
				CLANG_WARN_BOOL_CONVERSION = YES;
				CLANG_WARN_CONSTANT_CONVERSION = YES;
				CLANG_WARN_EMPTY_BODY = YES;
				CLANG_WARN_ENUM_CONVERSION = YES;
				CLANG_WARN_INT_CONVERSION = YES;
				CLANG_WARN_UNREACHABLE_CODE = YES;
				CLANG_WARN__DUPLICATE_METHOD_MATCH = YES;
				"CODE_SIGN_IDENTITY[sdk=iphoneos*]" = "iPhone Developer";
				COPY_PHASE_STRIP = YES;
				ENABLE_STRICT_OBJC_MSGSEND = YES;
				GCC_C_LANGUAGE_STANDARD = gnu99;
				GCC_NO_COMMON_BLOCKS = NO;
				GCC_VERSION = com.apple.compilers.llvm.clang.1_0;
				GCC_WARN_64_TO_32_BIT_CONVERSION = YES;
				GCC_WARN_ABOUT_RETURN_TYPE = YES;
				GCC_WARN_UNDECLARED_SELECTOR = YES;
				GCC_WARN_UNINITIALIZED_AUTOS = YES;
				GCC_WARN_UNUSED_FUNCTION = YES;
				GCC_WARN_UNUSED_VARIABLE = YES;
				IPHONEOS_DEPLOYMENT_TARGET = 5.0;
				OTHER_CFLAGS = "-DNS_BLOCK_ASSERTIONS=1";
				SDKROOT = iphoneos;
				VALIDATE_PRODUCT = YES;
			};
			name = Release;
		};
		5DB54DF0153C765700E1C6BE /* Debug */ = {
			isa = XCBuildConfiguration;
			buildSettings = {
				GCC_PRECOMPILE_PREFIX_HEADER = YES;
				GCC_PREFIX_HEADER = "HelloHealthVault/HelloHealthVault-Prefix.pch";
				HEADER_SEARCH_PATHS = "$(SDK_DIR)/usr/include/libxml2/**";
				INFOPLIST_FILE = "HelloHealthVault/HelloHealthVault-Info.plist";
				OTHER_LDFLAGS = "-ObjC";
				PRODUCT_BUNDLE_IDENTIFIER = "com.microsoft.${PRODUCT_NAME:rfc1034identifier}";
				PRODUCT_NAME = "$(TARGET_NAME)";
				USER_HEADER_SEARCH_PATHS = "../../HVLib/**";
				WRAPPER_EXTENSION = app;
			};
			name = Debug;
		};
		5DB54DF1153C765700E1C6BE /* Release */ = {
			isa = XCBuildConfiguration;
			buildSettings = {
				GCC_PRECOMPILE_PREFIX_HEADER = YES;
				GCC_PREFIX_HEADER = "HelloHealthVault/HelloHealthVault-Prefix.pch";
				HEADER_SEARCH_PATHS = "$(SDK_DIR)/usr/include/libxml2/**";
				INFOPLIST_FILE = "HelloHealthVault/HelloHealthVault-Info.plist";
				OTHER_LDFLAGS = "-ObjC";
				PRODUCT_BUNDLE_IDENTIFIER = "com.microsoft.${PRODUCT_NAME:rfc1034identifier}";
				PRODUCT_NAME = "$(TARGET_NAME)";
				USER_HEADER_SEARCH_PATHS = "../../HVLib/**";
				WRAPPER_EXTENSION = app;
			};
			name = Release;
		};
/* End XCBuildConfiguration section */

/* Begin XCConfigurationList section */
		5DB54DC5153C765700E1C6BE /* Build configuration list for PBXProject "HelloHealthVault" */ = {
			isa = XCConfigurationList;
			buildConfigurations = (
				5DB54DED153C765700E1C6BE /* Debug */,
				5DB54DEE153C765700E1C6BE /* Release */,
			);
			defaultConfigurationIsVisible = 0;
			defaultConfigurationName = Release;
		};
		5DB54DEF153C765700E1C6BE /* Build configuration list for PBXNativeTarget "HelloHealthVault" */ = {
			isa = XCConfigurationList;
			buildConfigurations = (
				5DB54DF0153C765700E1C6BE /* Debug */,
				5DB54DF1153C765700E1C6BE /* Release */,
			);
			defaultConfigurationIsVisible = 0;
			defaultConfigurationName = Release;
		};
/* End XCConfigurationList section */
	};
	rootObject = 5DB54DC2153C765700E1C6BE /* Project object */;
}
